
Microsoft Visual Studio Solution File, Format Version 12.00
# Visual Studio Version 16
VisualStudioVersion = 16.0.28917.181
MinimumVisualStudioVersion = 10.0.40219.1
Project("{FAE04EC0-301F-11D3-BF4B-00C04F79EFBC}") = "ConsultaFacilAplicativo.Android", "ConsultaFacilAplicativo\ConsultaFacilAplicativo.Android\ConsultaFacilAplicativo.Android.csproj", "{0E26D231-273F-4949-9B2F-D43274C9439F}"
EndProject
Project("{FAE04EC0-301F-11D3-BF4B-00C04F79EFBC}") = "ConsultaFacilAplicativo.MobileAppService", "ConsultaFacilAplicativo\ConsultaFacilAplicativo.MobileAppService\ConsultaFacilAplicativo.MobileAppService.csproj", "{F2C9DFC6-BD42-4AC8-947C-F38B31F245A9}"
EndProject
Project("{FAE04EC0-301F-11D3-BF4B-00C04F79EFBC}") = "ConsultaFacilAplicativo", "ConsultaFacilAplicativo\ConsultaFacilAplicativo\ConsultaFacilAplicativo.csproj", "{50F0AD6B-C10B-4AD3-B6ED-FABC649CF7ED}"
EndProject
Global
	GlobalSection(SolutionConfigurationPlatforms) = preSolution
		Debug|Any CPU = Debug|Any CPU
		Release|Any CPU = Release|Any CPU
	EndGlobalSection
	GlobalSection(ProjectConfigurationPlatforms) = postSolution
		{0E26D231-273F-4949-9B2F-D43274C9439F}.Debug|Any CPU.ActiveCfg = Debug|Any CPU
		{0E26D231-273F-4949-9B2F-D43274C9439F}.Debug|Any CPU.Build.0 = Debug|Any CPU
		{0E26D231-273F-4949-9B2F-D43274C9439F}.Debug|Any CPU.Deploy.0 = Debug|Any CPU
		{0E26D231-273F-4949-9B2F-D43274C9439F}.Release|Any CPU.ActiveCfg = Release|Any CPU
		{0E26D231-273F-4949-9B2F-D43274C9439F}.Release|Any CPU.Build.0 = Release|Any CPU
		{0E26D231-273F-4949-9B2F-D43274C9439F}.Release|Any CPU.Deploy.0 = Release|Any CPU
		{F2C9DFC6-BD42-4AC8-947C-F38B31F245A9}.Debug|Any CPU.ActiveCfg = Debug|Any CPU
		{F2C9DFC6-BD42-4AC8-947C-F38B31F245A9}.Debug|Any CPU.Build.0 = Debug|Any CPU
		{F2C9DFC6-BD42-4AC8-947C-F38B31F245A9}.Debug|Any CPU.Deploy.0 = Debug|Any CPU
		{F2C9DFC6-BD42-4AC8-947C-F38B31F245A9}.Release|Any CPU.ActiveCfg = Release|Any CPU
		{F2C9DFC6-BD42-4AC8-947C-F38B31F245A9}.Release|Any CPU.Build.0 = Release|Any CPU
		{F2C9DFC6-BD42-4AC8-947C-F38B31F245A9}.Release|Any CPU.Deploy.0 = Release|Any CPU
		{50F0AD6B-C10B-4AD3-B6ED-FABC649CF7ED}.Debug|Any CPU.ActiveCfg = Debug|Any CPU
		{50F0AD6B-C10B-4AD3-B6ED-FABC649CF7ED}.Debug|Any CPU.Build.0 = Debug|Any CPU
		{50F0AD6B-C10B-4AD3-B6ED-FABC649CF7ED}.Debug|Any CPU.Deploy.0 = Debug|Any CPU
		{50F0AD6B-C10B-4AD3-B6ED-FABC649CF7ED}.Release|Any CPU.ActiveCfg = Release|Any CPU
		{50F0AD6B-C10B-4AD3-B6ED-FABC649CF7ED}.Release|Any CPU.Build.0 = Release|Any CPU
		{50F0AD6B-C10B-4AD3-B6ED-FABC649CF7ED}.Release|Any CPU.Deploy.0 = Release|Any CPU
	EndGlobalSection
	GlobalSection(SolutionProperties) = preSolution
		HideSolutionNode = FALSE
	EndGlobalSection
	GlobalSection(ExtensibilityGlobals) = postSolution
		SolutionGuid = {BF0162EB-48EA-48F9-B34B-EBA6DFFE7B95}
	EndGlobalSection
EndGlobal
